// !$*UTF8*$!
{
	archiveVersion = 1;
	classes = {
	};
	objectVersion = 55;
	objects = {

/* Begin PBXBuildFile section */
		69CF574127808D7000A24E80 /* AppDelegate.swift in Sources */ = {isa = PBXBuildFile; fileRef = 69CF574027808D7000A24E80 /* AppDelegate.swift */; };
		69CF574A27808D7200A24E80 /* Assets.xcassets in Resources */ = {isa = PBXBuildFile; fileRef = 69CF574927808D7200A24E80 /* Assets.xcassets */; };
		69CF574D27808D7200A24E80 /* LaunchScreen.storyboard in Resources */ = {isa = PBXBuildFile; fileRef = 69CF574B27808D7200A24E80 /* LaunchScreen.storyboard */; };
		69CF575827808D7200A24E80 /* SleepTests.swift in Sources */ = {isa = PBXBuildFile; fileRef = 69CF575727808D7200A24E80 /* SleepTests.swift */; };
		69CF576227808D7200A24E80 /* SleepUITests.swift in Sources */ = {isa = PBXBuildFile; fileRef = 69CF576127808D7200A24E80 /* SleepUITests.swift */; };
		69CF576427808D7200A24E80 /* SleepUITestsLaunchTests.swift in Sources */ = {isa = PBXBuildFile; fileRef = 69CF576327808D7200A24E80 /* SleepUITestsLaunchTests.swift */; };
		69CF577227808E6900A24E80 /* SleepViewController.swift in Sources */ = {isa = PBXBuildFile; fileRef = 69CF577027808E6900A24E80 /* SleepViewController.swift */; };
		69CF577327808E6900A24E80 /* SleepViewController.xib in Resources */ = {isa = PBXBuildFile; fileRef = 69CF577127808E6900A24E80 /* SleepViewController.xib */; };
		69CF57762780AB6800A24E80 /* CircleProgressView.swift in Sources */ = {isa = PBXBuildFile; fileRef = 69CF57752780AB6800A24E80 /* CircleProgressView.swift */; };
		69CF57782780AB7900A24E80 /* CircleProgressView.xib in Resources */ = {isa = PBXBuildFile; fileRef = 69CF57772780AB7900A24E80 /* CircleProgressView.xib */; };
/* End PBXBuildFile section */

/* Begin PBXContainerItemProxy section */
		69CF575427808D7200A24E80 /* PBXContainerItemProxy */ = {
			isa = PBXContainerItemProxy;
			containerPortal = 69CF573527808D7000A24E80 /* Project object */;
			proxyType = 1;
			remoteGlobalIDString = 69CF573C27808D7000A24E80;
			remoteInfo = Sleep;
		};
		69CF575E27808D7200A24E80 /* PBXContainerItemProxy */ = {
			isa = PBXContainerItemProxy;
			containerPortal = 69CF573527808D7000A24E80 /* Project object */;
			proxyType = 1;
			remoteGlobalIDString = 69CF573C27808D7000A24E80;
			remoteInfo = Sleep;
		};
/* End PBXContainerItemProxy section */

/* Begin PBXFileReference section */
		69CF573D27808D7000A24E80 /* Sleep.app */ = {isa = PBXFileReference; explicitFileType = wrapper.application; includeInIndex = 0; path = Sleep.app; sourceTree = BUILT_PRODUCTS_DIR; };
		69CF574027808D7000A24E80 /* AppDelegate.swift */ = {isa = PBXFileReference; lastKnownFileType = sourcecode.swift; path = AppDelegate.swift; sourceTree = "<group>"; };
		69CF574927808D7200A24E80 /* Assets.xcassets */ = {isa = PBXFileReference; lastKnownFileType = folder.assetcatalog; path = Assets.xcassets; sourceTree = "<group>"; };
		69CF574C27808D7200A24E80 /* Base */ = {isa = PBXFileReference; lastKnownFileType = file.storyboard; name = Base; path = Base.lproj/LaunchScreen.storyboard; sourceTree = "<group>"; };
		69CF574E27808D7200A24E80 /* Info.plist */ = {isa = PBXFileReference; lastKnownFileType = text.plist.xml; path = Info.plist; sourceTree = "<group>"; };
		69CF575327808D7200A24E80 /* SleepTests.xctest */ = {isa = PBXFileReference; explicitFileType = wrapper.cfbundle; includeInIndex = 0; path = SleepTests.xctest; sourceTree = BUILT_PRODUCTS_DIR; };
		69CF575727808D7200A24E80 /* SleepTests.swift */ = {isa = PBXFileReference; lastKnownFileType = sourcecode.swift; path = SleepTests.swift; sourceTree = "<group>"; };
		69CF575D27808D7200A24E80 /* SleepUITests.xctest */ = {isa = PBXFileReference; explicitFileType = wrapper.cfbundle; includeInIndex = 0; path = SleepUITests.xctest; sourceTree = BUILT_PRODUCTS_DIR; };
		69CF576127808D7200A24E80 /* SleepUITests.swift */ = {isa = PBXFileReference; lastKnownFileType = sourcecode.swift; path = SleepUITests.swift; sourceTree = "<group>"; };
		69CF576327808D7200A24E80 /* SleepUITestsLaunchTests.swift */ = {isa = PBXFileReference; lastKnownFileType = sourcecode.swift; path = SleepUITestsLaunchTests.swift; sourceTree = "<group>"; };
		69CF577027808E6900A24E80 /* SleepViewController.swift */ = {isa = PBXFileReference; lastKnownFileType = sourcecode.swift; path = SleepViewController.swift; sourceTree = "<group>"; };
		69CF577127808E6900A24E80 /* SleepViewController.xib */ = {isa = PBXFileReference; lastKnownFileType = file.xib; path = SleepViewController.xib; sourceTree = "<group>"; };
		69CF57752780AB6800A24E80 /* CircleProgressView.swift */ = {isa = PBXFileReference; lastKnownFileType = sourcecode.swift; path = CircleProgressView.swift; sourceTree = "<group>"; };
		69CF57772780AB7900A24E80 /* CircleProgressView.xib */ = {isa = PBXFileReference; lastKnownFileType = file.xib; path = CircleProgressView.xib; sourceTree = "<group>"; };
/* End PBXFileReference section */

/* Begin PBXFrameworksBuildPhase section */
		69CF573A27808D7000A24E80 /* Frameworks */ = {
			isa = PBXFrameworksBuildPhase;
			buildActionMask = 2147483647;
			files = (
			);
			runOnlyForDeploymentPostprocessing = 0;
		};
		69CF575027808D7200A24E80 /* Frameworks */ = {
			isa = PBXFrameworksBuildPhase;
			buildActionMask = 2147483647;
			files = (
			);
			runOnlyForDeploymentPostprocessing = 0;
		};
		69CF575A27808D7200A24E80 /* Frameworks */ = {
			isa = PBXFrameworksBuildPhase;
			buildActionMask = 2147483647;
			files = (
			);
			runOnlyForDeploymentPostprocessing = 0;
		};
/* End PBXFrameworksBuildPhase section */

/* Begin PBXGroup section */
		69CF573427808D7000A24E80 = {
			isa = PBXGroup;
			children = (
				69CF573F27808D7000A24E80 /* Sleep */,
				69CF575627808D7200A24E80 /* SleepTests */,
				69CF576027808D7200A24E80 /* SleepUITests */,
				69CF573E27808D7000A24E80 /* Products */,
			);
			sourceTree = "<group>";
		};
		69CF573E27808D7000A24E80 /* Products */ = {
			isa = PBXGroup;
			children = (
				69CF573D27808D7000A24E80 /* Sleep.app */,
				69CF575327808D7200A24E80 /* SleepTests.xctest */,
				69CF575D27808D7200A24E80 /* SleepUITests.xctest */,
			);
			name = Products;
			sourceTree = "<group>";
		};
		69CF573F27808D7000A24E80 /* Sleep */ = {
			isa = PBXGroup;
			children = (
				69CF574027808D7000A24E80 /* AppDelegate.swift */,
				69CF574927808D7200A24E80 /* Assets.xcassets */,
				69CF574B27808D7200A24E80 /* LaunchScreen.storyboard */,
				69CF574E27808D7200A24E80 /* Info.plist */,
				69CF577027808E6900A24E80 /* SleepViewController.swift */,
				69CF577127808E6900A24E80 /* SleepViewController.xib */,
				69CF57742780AB2F00A24E80 /* CircleProgressView */,
			);
			path = Sleep;
			sourceTree = "<group>";
		};
		69CF575627808D7200A24E80 /* SleepTests */ = {
			isa = PBXGroup;
			children = (
				69CF575727808D7200A24E80 /* SleepTests.swift */,
			);
			path = SleepTests;
			sourceTree = "<group>";
		};
		69CF576027808D7200A24E80 /* SleepUITests */ = {
			isa = PBXGroup;
			children = (
				69CF576127808D7200A24E80 /* SleepUITests.swift */,
				69CF576327808D7200A24E80 /* SleepUITestsLaunchTests.swift */,
			);
			path = SleepUITests;
			sourceTree = "<group>";
		};
		69CF57742780AB2F00A24E80 /* CircleProgressView */ = {
			isa = PBXGroup;
			children = (
				69CF57752780AB6800A24E80 /* CircleProgressView.swift */,
				69CF57772780AB7900A24E80 /* CircleProgressView.xib */,
			);
			path = CircleProgressView;
			sourceTree = "<group>";
		};
/* End PBXGroup section */

/* Begin PBXNativeTarget section */
		69CF573C27808D7000A24E80 /* Sleep */ = {
			isa = PBXNativeTarget;
			buildConfigurationList = 69CF576727808D7200A24E80 /* Build configuration list for PBXNativeTarget "Sleep" */;
			buildPhases = (
				69CF573927808D7000A24E80 /* Sources */,
				69CF573A27808D7000A24E80 /* Frameworks */,
				69CF573B27808D7000A24E80 /* Resources */,
			);
			buildRules = (
			);
			dependencies = (
			);
			name = Sleep;
			productName = Sleep;
			productReference = 69CF573D27808D7000A24E80 /* Sleep.app */;
			productType = "com.apple.product-type.application";
		};
		69CF575227808D7200A24E80 /* SleepTests */ = {
			isa = PBXNativeTarget;
			buildConfigurationList = 69CF576A27808D7200A24E80 /* Build configuration list for PBXNativeTarget "SleepTests" */;
			buildPhases = (
				69CF574F27808D7200A24E80 /* Sources */,
				69CF575027808D7200A24E80 /* Frameworks */,
				69CF575127808D7200A24E80 /* Resources */,
			);
			buildRules = (
			);
			dependencies = (
				69CF575527808D7200A24E80 /* PBXTargetDependency */,
			);
			name = SleepTests;
			productName = SleepTests;
			productReference = 69CF575327808D7200A24E80 /* SleepTests.xctest */;
			productType = "com.apple.product-type.bundle.unit-test";
		};
		69CF575C27808D7200A24E80 /* SleepUITests */ = {
			isa = PBXNativeTarget;
			buildConfigurationList = 69CF576D27808D7200A24E80 /* Build configuration list for PBXNativeTarget "SleepUITests" */;
			buildPhases = (
				69CF575927808D7200A24E80 /* Sources */,
				69CF575A27808D7200A24E80 /* Frameworks */,
				69CF575B27808D7200A24E80 /* Resources */,
			);
			buildRules = (
			);
			dependencies = (
				69CF575F27808D7200A24E80 /* PBXTargetDependency */,
			);
			name = SleepUITests;
			productName = SleepUITests;
			productReference = 69CF575D27808D7200A24E80 /* SleepUITests.xctest */;
			productType = "com.apple.product-type.bundle.ui-testing";
		};
/* End PBXNativeTarget section */

/* Begin PBXProject section */
		69CF573527808D7000A24E80 /* Project object */ = {
			isa = PBXProject;
			attributes = {
				BuildIndependentTargetsInParallel = 1;
				LastSwiftUpdateCheck = 1310;
				LastUpgradeCheck = 1310;
				TargetAttributes = {
					69CF573C27808D7000A24E80 = {
						CreatedOnToolsVersion = 13.1;
					};
					69CF575227808D7200A24E80 = {
						CreatedOnToolsVersion = 13.1;
						TestTargetID = 69CF573C27808D7000A24E80;
					};
					69CF575C27808D7200A24E80 = {
						CreatedOnToolsVersion = 13.1;
						TestTargetID = 69CF573C27808D7000A24E80;
					};
				};
			};
			buildConfigurationList = 69CF573827808D7000A24E80 /* Build configuration list for PBXProject "Sleep" */;
			compatibilityVersion = "Xcode 13.0";
			developmentRegion = en;
			hasScannedForEncodings = 0;
			knownRegions = (
				en,
				Base,
			);
			mainGroup = 69CF573427808D7000A24E80;
			productRefGroup = 69CF573E27808D7000A24E80 /* Products */;
			projectDirPath = "";
			projectRoot = "";
			targets = (
				69CF573C27808D7000A24E80 /* Sleep */,
				69CF575227808D7200A24E80 /* SleepTests */,
				69CF575C27808D7200A24E80 /* SleepUITests */,
			);
		};
/* End PBXProject section */

/* Begin PBXResourcesBuildPhase section */
		69CF573B27808D7000A24E80 /* Resources */ = {
			isa = PBXResourcesBuildPhase;
			buildActionMask = 2147483647;
			files = (
				69CF574D27808D7200A24E80 /* LaunchScreen.storyboard in Resources */,
				69CF57782780AB7900A24E80 /* CircleProgressView.xib in Resources */,
				69CF577327808E6900A24E80 /* SleepViewController.xib in Resources */,
				69CF574A27808D7200A24E80 /* Assets.xcassets in Resources */,
			);
			runOnlyForDeploymentPostprocessing = 0;
		};
		69CF575127808D7200A24E80 /* Resources */ = {
			isa = PBXResourcesBuildPhase;
			buildActionMask = 2147483647;
			files = (
			);
			runOnlyForDeploymentPostprocessing = 0;
		};
		69CF575B27808D7200A24E80 /* Resources */ = {
			isa = PBXResourcesBuildPhase;
			buildActionMask = 2147483647;
			files = (
			);
			runOnlyForDeploymentPostprocessing = 0;
		};
/* End PBXResourcesBuildPhase section */

/* Begin PBXSourcesBuildPhase section */
		69CF573927808D7000A24E80 /* Sources */ = {
			isa = PBXSourcesBuildPhase;
			buildActionMask = 2147483647;
			files = (
				69CF577227808E6900A24E80 /* SleepViewController.swift in Sources */,
				69CF574127808D7000A24E80 /* AppDelegate.swift in Sources */,
				69CF57762780AB6800A24E80 /* CircleProgressView.swift in Sources */,
			);
			runOnlyForDeploymentPostprocessing = 0;
		};
		69CF574F27808D7200A24E80 /* Sources */ = {
			isa = PBXSourcesBuildPhase;
			buildActionMask = 2147483647;
			files = (
				69CF575827808D7200A24E80 /* SleepTests.swift in Sources */,
			);
			runOnlyForDeploymentPostprocessing = 0;
		};
		69CF575927808D7200A24E80 /* Sources */ = {
			isa = PBXSourcesBuildPhase;
			buildActionMask = 2147483647;
			files = (
				69CF576427808D7200A24E80 /* SleepUITestsLaunchTests.swift in Sources */,
				69CF576227808D7200A24E80 /* SleepUITests.swift in Sources */,
			);
			runOnlyForDeploymentPostprocessing = 0;
		};
/* End PBXSourcesBuildPhase section */

/* Begin PBXTargetDependency section */
		69CF575527808D7200A24E80 /* PBXTargetDependency */ = {
			isa = PBXTargetDependency;
			target = 69CF573C27808D7000A24E80 /* Sleep */;
			targetProxy = 69CF575427808D7200A24E80 /* PBXContainerItemProxy */;
		};
		69CF575F27808D7200A24E80 /* PBXTargetDependency */ = {
			isa = PBXTargetDependency;
			target = 69CF573C27808D7000A24E80 /* Sleep */;
			targetProxy = 69CF575E27808D7200A24E80 /* PBXContainerItemProxy */;
		};
/* End PBXTargetDependency section */

/* Begin PBXVariantGroup section */
		69CF574B27808D7200A24E80 /* LaunchScreen.storyboard */ = {
			isa = PBXVariantGroup;
			children = (
				69CF574C27808D7200A24E80 /* Base */,
			);
			name = LaunchScreen.storyboard;
			sourceTree = "<group>";
		};
/* End PBXVariantGroup section */

/* Begin XCBuildConfiguration section */
		69CF576527808D7200A24E80 /* Debug */ = {
			isa = XCBuildConfiguration;
			buildSettings = {
				ALWAYS_SEARCH_USER_PATHS = NO;
				CLANG_ANALYZER_NONNULL = YES;
				CLANG_ANALYZER_NUMBER_OBJECT_CONVERSION = YES_AGGRESSIVE;
				CLANG_CXX_LANGUAGE_STANDARD = "gnu++17";
				CLANG_CXX_LIBRARY = "libc++";
				CLANG_ENABLE_MODULES = YES;
				CLANG_ENABLE_OBJC_ARC = YES;
				CLANG_ENABLE_OBJC_WEAK = YES;
				CLANG_WARN_BLOCK_CAPTURE_AUTORELEASING = YES;
				CLANG_WARN_BOOL_CONVERSION = YES;
				CLANG_WARN_COMMA = YES;
				CLANG_WARN_CONSTANT_CONVERSION = YES;
				CLANG_WARN_DEPRECATED_OBJC_IMPLEMENTATIONS = YES;
				CLANG_WARN_DIRECT_OBJC_ISA_USAGE = YES_ERROR;
				CLANG_WARN_DOCUMENTATION_COMMENTS = YES;
				CLANG_WARN_EMPTY_BODY = YES;
				CLANG_WARN_ENUM_CONVERSION = YES;
				CLANG_WARN_INFINITE_RECURSION = YES;
				CLANG_WARN_INT_CONVERSION = YES;
				CLANG_WARN_NON_LITERAL_NULL_CONVERSION = YES;
				CLANG_WARN_OBJC_IMPLICIT_RETAIN_SELF = YES;
				CLANG_WARN_OBJC_LITERAL_CONVERSION = YES;
				CLANG_WARN_OBJC_ROOT_CLASS = YES_ERROR;
				CLANG_WARN_QUOTED_INCLUDE_IN_FRAMEWORK_HEADER = YES;
				CLANG_WARN_RANGE_LOOP_ANALYSIS = YES;
				CLANG_WARN_STRICT_PROTOTYPES = YES;
				CLANG_WARN_SUSPICIOUS_MOVE = YES;
				CLANG_WARN_UNGUARDED_AVAILABILITY = YES_AGGRESSIVE;
				CLANG_WARN_UNREACHABLE_CODE = YES;
				CLANG_WARN__DUPLICATE_METHOD_MATCH = YES;
				COPY_PHASE_STRIP = NO;
				DEBUG_INFORMATION_FORMAT = dwarf;
				ENABLE_STRICT_OBJC_MSGSEND = YES;
				ENABLE_TESTABILITY = YES;
				GCC_C_LANGUAGE_STANDARD = gnu11;
				GCC_DYNAMIC_NO_PIC = NO;
				GCC_NO_COMMON_BLOCKS = YES;
				GCC_OPTIMIZATION_LEVEL = 0;
				GCC_PREPROCESSOR_DEFINITIONS = (
					"DEBUG=1",
					"$(inherited)",
				);
				GCC_WARN_64_TO_32_BIT_CONVERSION = YES;
				GCC_WARN_ABOUT_RETURN_TYPE = YES_ERROR;
				GCC_WARN_UNDECLARED_SELECTOR = YES;
				GCC_WARN_UNINITIALIZED_AUTOS = YES_AGGRESSIVE;
				GCC_WARN_UNUSED_FUNCTION = YES;
				GCC_WARN_UNUSED_VARIABLE = YES;
				IPHONEOS_DEPLOYMENT_TARGET = 15.0;
				MTL_ENABLE_DEBUG_INFO = INCLUDE_SOURCE;
				MTL_FAST_MATH = YES;
				ONLY_ACTIVE_ARCH = YES;
				SDKROOT = iphoneos;
				SWIFT_ACTIVE_COMPILATION_CONDITIONS = DEBUG;
				SWIFT_OPTIMIZATION_LEVEL = "-Onone";
			};
			name = Debug;
		};
		69CF576627808D7200A24E80 /* Release */ = {
			isa = XCBuildConfiguration;
			buildSettings = {
				ALWAYS_SEARCH_USER_PATHS = NO;
				CLANG_ANALYZER_NONNULL = YES;
				CLANG_ANALYZER_NUMBER_OBJECT_CONVERSION = YES_AGGRESSIVE;
				CLANG_CXX_LANGUAGE_STANDARD = "gnu++17";
				CLANG_CXX_LIBRARY = "libc++";
				CLANG_ENABLE_MODULES = YES;
				CLANG_ENABLE_OBJC_ARC = YES;
				CLANG_ENABLE_OBJC_WEAK = YES;
				CLANG_WARN_BLOCK_CAPTURE_AUTORELEASING = YES;
				CLANG_WARN_BOOL_CONVERSION = YES;
				CLANG_WARN_COMMA = YES;
				CLANG_WARN_CONSTANT_CONVERSION = YES;
				CLANG_WARN_DEPRECATED_OBJC_IMPLEMENTATIONS = YES;
				CLANG_WARN_DIRECT_OBJC_ISA_USAGE = YES_ERROR;
				CLANG_WARN_DOCUMENTATION_COMMENTS = YES;
				CLANG_WARN_EMPTY_BODY = YES;
				CLANG_WARN_ENUM_CONVERSION = YES;
				CLANG_WARN_INFINITE_RECURSION = YES;
				CLANG_WARN_INT_CONVERSION = YES;
				CLANG_WARN_NON_LITERAL_NULL_CONVERSION = YES;
				CLANG_WARN_OBJC_IMPLICIT_RETAIN_SELF = YES;
				CLANG_WARN_OBJC_LITERAL_CONVERSION = YES;
				CLANG_WARN_OBJC_ROOT_CLASS = YES_ERROR;
				CLANG_WARN_QUOTED_INCLUDE_IN_FRAMEWORK_HEADER = YES;
				CLANG_WARN_RANGE_LOOP_ANALYSIS = YES;
				CLANG_WARN_STRICT_PROTOTYPES = YES;
				CLANG_WARN_SUSPICIOUS_MOVE = YES;
				CLANG_WARN_UNGUARDED_AVAILABILITY = YES_AGGRESSIVE;
				CLANG_WARN_UNREACHABLE_CODE = YES;
				CLANG_WARN__DUPLICATE_METHOD_MATCH = YES;
				COPY_PHASE_STRIP = NO;
				DEBUG_INFORMATION_FORMAT = "dwarf-with-dsym";
				ENABLE_NS_ASSERTIONS = NO;
				ENABLE_STRICT_OBJC_MSGSEND = YES;
				GCC_C_LANGUAGE_STANDARD = gnu11;
				GCC_NO_COMMON_BLOCKS = YES;
				GCC_WARN_64_TO_32_BIT_CONVERSION = YES;
				GCC_WARN_ABOUT_RETURN_TYPE = YES_ERROR;
				GCC_WARN_UNDECLARED_SELECTOR = YES;
				GCC_WARN_UNINITIALIZED_AUTOS = YES_AGGRESSIVE;
				GCC_WARN_UNUSED_FUNCTION = YES;
				GCC_WARN_UNUSED_VARIABLE = YES;
				IPHONEOS_DEPLOYMENT_TARGET = 15.0;
				MTL_ENABLE_DEBUG_INFO = NO;
				MTL_FAST_MATH = YES;
				SDKROOT = iphoneos;
				SWIFT_COMPILATION_MODE = wholemodule;
				SWIFT_OPTIMIZATION_LEVEL = "-O";
				VALIDATE_PRODUCT = YES;
			};
			name = Release;
		};
		69CF576827808D7200A24E80 /* Debug */ = {
			isa = XCBuildConfiguration;
			buildSettings = {
				ASSETCATALOG_COMPILER_APPICON_NAME = AppIcon;
				ASSETCATALOG_COMPILER_GLOBAL_ACCENT_COLOR_NAME = AccentColor;
				CODE_SIGN_STYLE = Automatic;
				CURRENT_PROJECT_VERSION = 1;
				GENERATE_INFOPLIST_FILE = YES;
				INFOPLIST_FILE = Sleep/Info.plist;
				INFOPLIST_KEY_UIApplicationSupportsIndirectInputEvents = YES;
				INFOPLIST_KEY_UILaunchStoryboardName = LaunchScreen;
				INFOPLIST_KEY_UISupportedInterfaceOrientations_iPad = "UIInterfaceOrientationPortrait UIInterfaceOrientationPortraitUpsideDown UIInterfaceOrientationLandscapeLeft UIInterfaceOrientationLandscapeRight";
				INFOPLIST_KEY_UISupportedInterfaceOrientations_iPhone = "UIInterfaceOrientationPortrait UIInterfaceOrientationLandscapeLeft UIInterfaceOrientationLandscapeRight";
				LD_RUNPATH_SEARCH_PATHS = (
					"$(inherited)",
					"@executable_path/Frameworks",
				);
				MARKETING_VERSION = 1.0;
				PRODUCT_BUNDLE_IDENTIFIER = com.hithakshi.Sleep;
				PRODUCT_NAME = "$(TARGET_NAME)";
				SWIFT_EMIT_LOC_STRINGS = YES;
				SWIFT_VERSION = 5.0;
				TARGETED_DEVICE_FAMILY = "1,2";
			};
			name = Debug;
		};
		69CF576927808D7200A24E80 /* Release */ = {
			isa = XCBuildConfiguration;
			buildSettings = {
				ASSETCATALOG_COMPILER_APPICON_NAME = AppIcon;
				ASSETCATALOG_COMPILER_GLOBAL_ACCENT_COLOR_NAME = AccentColor;
				CODE_SIGN_STYLE = Automatic;
				CURRENT_PROJECT_VERSION = 1;
				GENERATE_INFOPLIST_FILE = YES;
				INFOPLIST_FILE = Sleep/Info.plist;
				INFOPLIST_KEY_UIApplicationSupportsIndirectInputEvents = YES;
				INFOPLIST_KEY_UILaunchStoryboardName = LaunchScreen;
				INFOPLIST_KEY_UISupportedInterfaceOrientations_iPad = "UIInterfaceOrientationPortrait UIInterfaceOrientationPortraitUpsideDown UIInterfaceOrientationLandscapeLeft UIInterfaceOrientationLandscapeRight";
				INFOPLIST_KEY_UISupportedInterfaceOrientations_iPhone = "UIInterfaceOrientationPortrait UIInterfaceOrientationLandscapeLeft UIInterfaceOrientationLandscapeRight";
				LD_RUNPATH_SEARCH_PATHS = (
					"$(inherited)",
					"@executable_path/Frameworks",
				);
				MARKETING_VERSION = 1.0;
				PRODUCT_BUNDLE_IDENTIFIER = com.hithakshi.Sleep;
				PRODUCT_NAME = "$(TARGET_NAME)";
				SWIFT_EMIT_LOC_STRINGS = YES;
				SWIFT_VERSION = 5.0;
				TARGETED_DEVICE_FAMILY = "1,2";
			};
			name = Release;
		};
		69CF576B27808D7200A24E80 /* Debug */ = {
			isa = XCBuildConfiguration;
			buildSettings = {
				ALWAYS_EMBED_SWIFT_STANDARD_LIBRARIES = YES;
				BUNDLE_LOADER = "$(TEST_HOST)";
				CODE_SIGN_STYLE = Automatic;
				CURRENT_PROJECT_VERSION = 1;
				GENERATE_INFOPLIST_FILE = YES;
				IPHONEOS_DEPLOYMENT_TARGET = 15.0;
				LD_RUNPATH_SEARCH_PATHS = (
					"$(inherited)",
					"@executable_path/Frameworks",
					"@loader_path/Frameworks",
				);
				MARKETING_VERSION = 1.0;
				PRODUCT_BUNDLE_IDENTIFIER = com.hithakshi.SleepTests;
				PRODUCT_NAME = "$(TARGET_NAME)";
				SWIFT_EMIT_LOC_STRINGS = NO;
				SWIFT_VERSION = 5.0;
				TARGETED_DEVICE_FAMILY = "1,2";
				TEST_HOST = "$(BUILT_PRODUCTS_DIR)/Sleep.app/Sleep";
			};
			name = Debug;
		};
		69CF576C27808D7200A24E80 /* Release */ = {
			isa = XCBuildConfiguration;
			buildSettings = {
				ALWAYS_EMBED_SWIFT_STANDARD_LIBRARIES = YES;
				BUNDLE_LOADER = "$(TEST_HOST)";
				CODE_SIGN_STYLE = Automatic;
				CURRENT_PROJECT_VERSION = 1;
				GENERATE_INFOPLIST_FILE = YES;
				IPHONEOS_DEPLOYMENT_TARGET = 15.0;
				LD_RUNPATH_SEARCH_PATHS = (
					"$(inherited)",
					"@executable_path/Frameworks",
					"@loader_path/Frameworks",
				);
				MARKETING_VERSION = 1.0;
				PRODUCT_BUNDLE_IDENTIFIER = com.hithakshi.SleepTests;
				PRODUCT_NAME = "$(TARGET_NAME)";
				SWIFT_EMIT_LOC_STRINGS = NO;
				SWIFT_VERSION = 5.0;
				TARGETED_DEVICE_FAMILY = "1,2";
				TEST_HOST = "$(BUILT_PRODUCTS_DIR)/Sleep.app/Sleep";
			};
			name = Release;
		};
		69CF576E27808D7200A24E80 /* Debug */ = {
			isa = XCBuildConfiguration;
			buildSettings = {
				ALWAYS_EMBED_SWIFT_STANDARD_LIBRARIES = YES;
				CODE_SIGN_STYLE = Automatic;
				CURRENT_PROJECT_VERSION = 1;
				GENERATE_INFOPLIST_FILE = YES;
				LD_RUNPATH_SEARCH_PATHS = (
					"$(inherited)",
					"@executable_path/Frameworks",
					"@loader_path/Frameworks",
				);
				MARKETING_VERSION = 1.0;
				PRODUCT_BUNDLE_IDENTIFIER = com.hithakshi.SleepUITests;
				PRODUCT_NAME = "$(TARGET_NAME)";
				SWIFT_EMIT_LOC_STRINGS = NO;
				SWIFT_VERSION = 5.0;
				TARGETED_DEVICE_FAMILY = "1,2";
				TEST_TARGET_NAME = Sleep;
			};
			name = Debug;
		};
		69CF576F27808D7200A24E80 /* Release */ = {
			isa = XCBuildConfiguration;
			buildSettings = {
				ALWAYS_EMBED_SWIFT_STANDARD_LIBRARIES = YES;
				CODE_SIGN_STYLE = Automatic;
				CURRENT_PROJECT_VERSION = 1;
				GENERATE_INFOPLIST_FILE = YES;
				LD_RUNPATH_SEARCH_PATHS = (
					"$(inherited)",
					"@executable_path/Frameworks",
					"@loader_path/Frameworks",
				);
				MARKETING_VERSION = 1.0;
				PRODUCT_BUNDLE_IDENTIFIER = com.hithakshi.SleepUITests;
				PRODUCT_NAME = "$(TARGET_NAME)";
				SWIFT_EMIT_LOC_STRINGS = NO;
				SWIFT_VERSION = 5.0;
				TARGETED_DEVICE_FAMILY = "1,2";
				TEST_TARGET_NAME = Sleep;
			};
			name = Release;
		};
/* End XCBuildConfiguration section */

/* Begin XCConfigurationList section */
		69CF573827808D7000A24E80 /* Build configuration list for PBXProject "Sleep" */ = {
			isa = XCConfigurationList;
			buildConfigurations = (
				69CF576527808D7200A24E80 /* Debug */,
				69CF576627808D7200A24E80 /* Release */,
			);
			defaultConfigurationIsVisible = 0;
			defaultConfigurationName = Release;
		};
		69CF576727808D7200A24E80 /* Build configuration list for PBXNativeTarget "Sleep" */ = {
			isa = XCConfigurationList;
			buildConfigurations = (
				69CF576827808D7200A24E80 /* Debug */,
				69CF576927808D7200A24E80 /* Release */,
			);
			defaultConfigurationIsVisible = 0;
			defaultConfigurationName = Release;
		};
		69CF576A27808D7200A24E80 /* Build configuration list for PBXNativeTarget "SleepTests" */ = {
			isa = XCConfigurationList;
			buildConfigurations = (
				69CF576B27808D7200A24E80 /* Debug */,
				69CF576C27808D7200A24E80 /* Release */,
			);
			defaultConfigurationIsVisible = 0;
			defaultConfigurationName = Release;
		};
		69CF576D27808D7200A24E80 /* Build configuration list for PBXNativeTarget "SleepUITests" */ = {
			isa = XCConfigurationList;
			buildConfigurations = (
				69CF576E27808D7200A24E80 /* Debug */,
				69CF576F27808D7200A24E80 /* Release */,
			);
			defaultConfigurationIsVisible = 0;
			defaultConfigurationName = Release;
		};
/* End XCConfigurationList section */
	};
	rootObject = 69CF573527808D7000A24E80 /* Project object */;
}
